
Microsoft Visual Studio Solution File, Format Version 12.00
# Visual Studio Version 17
VisualStudioVersion = 17.7.34031.279
MinimumVisualStudioVersion = 10.0.40219.1
Project("{FAE04EC0-301F-11D3-BF4B-00C04F79EFBC}") = "NETAPILabb2", "NETAPILabb2\NETAPILabb2.csproj", "{B4BA42C8-3EF7-4246-9EE8-D90A12C0D4CE}"
EndProject
Global
	GlobalSection(SolutionConfigurationPlatforms) = preSolution
		Debug|Any CPU = Debug|Any CPU
		Release|Any CPU = Release|Any CPU
	EndGlobalSection
	GlobalSection(ProjectConfigurationPlatforms) = postSolution
		{B4BA42C8-3EF7-4246-9EE8-D90A12C0D4CE}.Debug|Any CPU.ActiveCfg = Debug|Any CPU
		{B4BA42C8-3EF7-4246-9EE8-D90A12C0D4CE}.Debug|Any CPU.Build.0 = Debug|Any CPU
		{B4BA42C8-3EF7-4246-9EE8-D90A12C0D4CE}.Release|Any CPU.ActiveCfg = Release|Any CPU
		{B4BA42C8-3EF7-4246-9EE8-D90A12C0D4CE}.Release|Any CPU.Build.0 = Release|Any CPU
	EndGlobalSection
	GlobalSection(SolutionProperties) = preSolution
		HideSolutionNode = FALSE
	EndGlobalSection
	GlobalSection(ExtensibilityGlobals) = postSolution
		SolutionGuid = {AF602D30-B3C6-4561-B7BD-6BDAF31C5B9A}
	EndGlobalSection
EndGlobal
